// !$*UTF8*$!
{
	archiveVersion = 1;
	classes = {
	};
	objectVersion = 46;
	objects = {

/* Begin PBXBuildFile section */
		EA011A06193610B100232E92 /* Foundation.framework in Frameworks */ = {isa = PBXBuildFile; fileRef = EA011A05193610B100232E92 /* Foundation.framework */; };
		EA011A08193610B100232E92 /* CoreGraphics.framework in Frameworks */ = {isa = PBXBuildFile; fileRef = EA011A07193610B100232E92 /* CoreGraphics.framework */; };
		EA011A0A193610B100232E92 /* UIKit.framework in Frameworks */ = {isa = PBXBuildFile; fileRef = EA011A09193610B100232E92 /* UIKit.framework */; };
		EA011A10193610B100232E92 /* InfoPlist.strings in Resources */ = {isa = PBXBuildFile; fileRef = EA011A0E193610B100232E92 /* InfoPlist.strings */; };
		EA011A12193610B100232E92 /* main.m in Sources */ = {isa = PBXBuildFile; fileRef = EA011A11193610B100232E92 /* main.m */; };
		EA011A16193610B100232E92 /* AppDelegate.m in Sources */ = {isa = PBXBuildFile; fileRef = EA011A15193610B100232E92 /* AppDelegate.m */; };
		EA011A18193610B100232E92 /* Images.xcassets in Resources */ = {isa = PBXBuildFile; fileRef = EA011A17193610B100232E92 /* Images.xcassets */; };
		EA011A1F193610B100232E92 /* XCTest.framework in Frameworks */ = {isa = PBXBuildFile; fileRef = EA011A1E193610B100232E92 /* XCTest.framework */; };
		EA011A20193610B100232E92 /* Foundation.framework in Frameworks */ = {isa = PBXBuildFile; fileRef = EA011A05193610B100232E92 /* Foundation.framework */; };
		EA011A21193610B100232E92 /* UIKit.framework in Frameworks */ = {isa = PBXBuildFile; fileRef = EA011A09193610B100232E92 /* UIKit.framework */; };
		EA011A29193610B100232E92 /* InfoPlist.strings in Resources */ = {isa = PBXBuildFile; fileRef = EA011A27193610B100232E92 /* InfoPlist.strings */; };
		EA011A2B193610B100232E92 /* CDYImagesRetrieveTests.m in Sources */ = {isa = PBXBuildFile; fileRef = EA011A2A193610B100232E92 /* CDYImagesRetrieveTests.m */; };
		EA011A37193612F700232E92 /* CDYImagesRetrieve.m in Sources */ = {isa = PBXBuildFile; fileRef = EA011A36193612F700232E92 /* CDYImagesRetrieve.m */; };
		EA011A3A1936130900232E92 /* CDYImageAsk.m in Sources */ = {isa = PBXBuildFile; fileRef = EA011A391936130900232E92 /* CDYImageAsk.m */; };
/* End PBXBuildFile section */

/* Begin PBXContainerItemProxy section */
		EA011A22193610B100232E92 /* PBXContainerItemProxy */ = {
			isa = PBXContainerItemProxy;
			containerPortal = EA0119FA193610B100232E92 /* Project object */;
			proxyType = 1;
			remoteGlobalIDString = EA011A01193610B100232E92;
			remoteInfo = CDYImagesRetrieve;
		};
/* End PBXContainerItemProxy section */

/* Begin PBXFileReference section */
		EA011A02193610B100232E92 /* CDYImagesRetrieve.app */ = {isa = PBXFileReference; explicitFileType = wrapper.application; includeInIndex = 0; path = CDYImagesRetrieve.app; sourceTree = BUILT_PRODUCTS_DIR; };
		EA011A05193610B100232E92 /* Foundation.framework */ = {isa = PBXFileReference; lastKnownFileType = wrapper.framework; name = Foundation.framework; path = System/Library/Frameworks/Foundation.framework; sourceTree = SDKROOT; };
		EA011A07193610B100232E92 /* CoreGraphics.framework */ = {isa = PBXFileReference; lastKnownFileType = wrapper.framework; name = CoreGraphics.framework; path = System/Library/Frameworks/CoreGraphics.framework; sourceTree = SDKROOT; };
		EA011A09193610B100232E92 /* UIKit.framework */ = {isa = PBXFileReference; lastKnownFileType = wrapper.framework; name = UIKit.framework; path = System/Library/Frameworks/UIKit.framework; sourceTree = SDKROOT; };
		EA011A0D193610B100232E92 /* CDYImagesRetrieve-Info.plist */ = {isa = PBXFileReference; lastKnownFileType = text.plist.xml; path = "CDYImagesRetrieve-Info.plist"; sourceTree = "<group>"; };
		EA011A0F193610B100232E92 /* en */ = {isa = PBXFileReference; lastKnownFileType = text.plist.strings; name = en; path = en.lproj/InfoPlist.strings; sourceTree = "<group>"; };
		EA011A11193610B100232E92 /* main.m */ = {isa = PBXFileReference; lastKnownFileType = sourcecode.c.objc; path = main.m; sourceTree = "<group>"; };
		EA011A13193610B100232E92 /* CDYImagesRetrieve-Prefix.pch */ = {isa = PBXFileReference; lastKnownFileType = sourcecode.c.h; path = "CDYImagesRetrieve-Prefix.pch"; sourceTree = "<group>"; };
		EA011A14193610B100232E92 /* AppDelegate.h */ = {isa = PBXFileReference; lastKnownFileType = sourcecode.c.h; path = AppDelegate.h; sourceTree = "<group>"; };
		EA011A15193610B100232E92 /* AppDelegate.m */ = {isa = PBXFileReference; lastKnownFileType = sourcecode.c.objc; path = AppDelegate.m; sourceTree = "<group>"; };
		EA011A17193610B100232E92 /* Images.xcassets */ = {isa = PBXFileReference; lastKnownFileType = folder.assetcatalog; path = Images.xcassets; sourceTree = "<group>"; };
		EA011A1D193610B100232E92 /* CDYImagesRetrieveTests.xctest */ = {isa = PBXFileReference; explicitFileType = wrapper.cfbundle; includeInIndex = 0; path = CDYImagesRetrieveTests.xctest; sourceTree = BUILT_PRODUCTS_DIR; };
		EA011A1E193610B100232E92 /* XCTest.framework */ = {isa = PBXFileReference; lastKnownFileType = wrapper.framework; name = XCTest.framework; path = Library/Frameworks/XCTest.framework; sourceTree = DEVELOPER_DIR; };
		EA011A26193610B100232E92 /* CDYImagesRetrieveTests-Info.plist */ = {isa = PBXFileReference; lastKnownFileType = text.plist.xml; path = "CDYImagesRetrieveTests-Info.plist"; sourceTree = "<group>"; };
		EA011A28193610B100232E92 /* en */ = {isa = PBXFileReference; lastKnownFileType = text.plist.strings; name = en; path = en.lproj/InfoPlist.strings; sourceTree = "<group>"; };
		EA011A2A193610B100232E92 /* CDYImagesRetrieveTests.m */ = {isa = PBXFileReference; lastKnownFileType = sourcecode.c.objc; path = CDYImagesRetrieveTests.m; sourceTree = "<group>"; };
		EA011A35193612F700232E92 /* CDYImagesRetrieve.h */ = {isa = PBXFileReference; fileEncoding = 4; lastKnownFileType = sourcecode.c.h; path = CDYImagesRetrieve.h; sourceTree = "<group>"; };
		EA011A36193612F700232E92 /* CDYImagesRetrieve.m */ = {isa = PBXFileReference; fileEncoding = 4; lastKnownFileType = sourcecode.c.objc; path = CDYImagesRetrieve.m; sourceTree = "<group>"; };
		EA011A381936130900232E92 /* CDYImageAsk.h */ = {isa = PBXFileReference; fileEncoding = 4; lastKnownFileType = sourcecode.c.h; path = CDYImageAsk.h; sourceTree = "<group>"; };
		EA011A391936130900232E92 /* CDYImageAsk.m */ = {isa = PBXFileReference; fileEncoding = 4; lastKnownFileType = sourcecode.c.objc; path = CDYImageAsk.m; sourceTree = "<group>"; };
/* End PBXFileReference section */

/* Begin PBXFrameworksBuildPhase section */
		EA0119FF193610B100232E92 /* Frameworks */ = {
			isa = PBXFrameworksBuildPhase;
			buildActionMask = 2147483647;
			files = (
				EA011A08193610B100232E92 /* CoreGraphics.framework in Frameworks */,
				EA011A0A193610B100232E92 /* UIKit.framework in Frameworks */,
				EA011A06193610B100232E92 /* Foundation.framework in Frameworks */,
			);
			runOnlyForDeploymentPostprocessing = 0;
		};
		EA011A1A193610B100232E92 /* Frameworks */ = {
			isa = PBXFrameworksBuildPhase;
			buildActionMask = 2147483647;
			files = (
				EA011A1F193610B100232E92 /* XCTest.framework in Frameworks */,
				EA011A21193610B100232E92 /* UIKit.framework in Frameworks */,
				EA011A20193610B100232E92 /* Foundation.framework in Frameworks */,
			);
			runOnlyForDeploymentPostprocessing = 0;
		};
/* End PBXFrameworksBuildPhase section */

/* Begin PBXGroup section */
		EA0119F9193610B100232E92 = {
			isa = PBXGroup;
			children = (
				EA011A34193612E900232E92 /* Core */,
				EA011A0B193610B100232E92 /* CDYImagesRetrieve */,
				EA011A24193610B100232E92 /* CDYImagesRetrieveTests */,
				EA011A04193610B100232E92 /* Frameworks */,
				EA011A03193610B100232E92 /* Products */,
			);
			sourceTree = "<group>";
		};
		EA011A03193610B100232E92 /* Products */ = {
			isa = PBXGroup;
			children = (
				EA011A02193610B100232E92 /* CDYImagesRetrieve.app */,
				EA011A1D193610B100232E92 /* CDYImagesRetrieveTests.xctest */,
			);
			name = Products;
			sourceTree = "<group>";
		};
		EA011A04193610B100232E92 /* Frameworks */ = {
			isa = PBXGroup;
			children = (
				EA011A05193610B100232E92 /* Foundation.framework */,
				EA011A07193610B100232E92 /* CoreGraphics.framework */,
				EA011A09193610B100232E92 /* UIKit.framework */,
				EA011A1E193610B100232E92 /* XCTest.framework */,
			);
			name = Frameworks;
			sourceTree = "<group>";
		};
		EA011A0B193610B100232E92 /* CDYImagesRetrieve */ = {
			isa = PBXGroup;
			children = (
				EA011A14193610B100232E92 /* AppDelegate.h */,
				EA011A15193610B100232E92 /* AppDelegate.m */,
				EA011A17193610B100232E92 /* Images.xcassets */,
				EA011A0C193610B100232E92 /* Supporting Files */,
			);
			path = CDYImagesRetrieve;
			sourceTree = "<group>";
		};
		EA011A0C193610B100232E92 /* Supporting Files */ = {
			isa = PBXGroup;
			children = (
				EA011A0D193610B100232E92 /* CDYImagesRetrieve-Info.plist */,
				EA011A0E193610B100232E92 /* InfoPlist.strings */,
				EA011A11193610B100232E92 /* main.m */,
				EA011A13193610B100232E92 /* CDYImagesRetrieve-Prefix.pch */,
			);
			name = "Supporting Files";
			sourceTree = "<group>";
		};
		EA011A24193610B100232E92 /* CDYImagesRetrieveTests */ = {
			isa = PBXGroup;
			children = (
				EA011A2A193610B100232E92 /* CDYImagesRetrieveTests.m */,
				EA011A25193610B100232E92 /* Supporting Files */,
			);
			path = CDYImagesRetrieveTests;
			sourceTree = "<group>";
		};
		EA011A25193610B100232E92 /* Supporting Files */ = {
			isa = PBXGroup;
			children = (
				EA011A26193610B100232E92 /* CDYImagesRetrieveTests-Info.plist */,
				EA011A27193610B100232E92 /* InfoPlist.strings */,
			);
			name = "Supporting Files";
			sourceTree = "<group>";
		};
		EA011A34193612E900232E92 /* Core */ = {
			isa = PBXGroup;
			children = (
				EA011A381936130900232E92 /* CDYImageAsk.h */,
				EA011A391936130900232E92 /* CDYImageAsk.m */,
				EA011A35193612F700232E92 /* CDYImagesRetrieve.h */,
				EA011A36193612F700232E92 /* CDYImagesRetrieve.m */,
			);
			path = Core;
			sourceTree = "<group>";
		};
/* End PBXGroup section */

/* Begin PBXNativeTarget section */
		EA011A01193610B100232E92 /* CDYImagesRetrieve */ = {
			isa = PBXNativeTarget;
			buildConfigurationList = EA011A2E193610B100232E92 /* Build configuration list for PBXNativeTarget "CDYImagesRetrieve" */;
			buildPhases = (
				EA0119FE193610B100232E92 /* Sources */,
				EA0119FF193610B100232E92 /* Frameworks */,
				EA011A00193610B100232E92 /* Resources */,
			);
			buildRules = (
			);
			dependencies = (
			);
			name = CDYImagesRetrieve;
			productName = CDYImagesRetrieve;
			productReference = EA011A02193610B100232E92 /* CDYImagesRetrieve.app */;
			productType = "com.apple.product-type.application";
		};
		EA011A1C193610B100232E92 /* CDYImagesRetrieveTests */ = {
			isa = PBXNativeTarget;
			buildConfigurationList = EA011A31193610B100232E92 /* Build configuration list for PBXNativeTarget "CDYImagesRetrieveTests" */;
			buildPhases = (
				EA011A19193610B100232E92 /* Sources */,
				EA011A1A193610B100232E92 /* Frameworks */,
				EA011A1B193610B100232E92 /* Resources */,
			);
			buildRules = (
			);
			dependencies = (
				EA011A23193610B100232E92 /* PBXTargetDependency */,
			);
			name = CDYImagesRetrieveTests;
			productName = CDYImagesRetrieveTests;
			productReference = EA011A1D193610B100232E92 /* CDYImagesRetrieveTests.xctest */;
			productType = "com.apple.product-type.bundle.unit-test";
		};
/* End PBXNativeTarget section */

/* Begin PBXProject section */
		EA0119FA193610B100232E92 /* Project object */ = {
			isa = PBXProject;
			attributes = {
				LastUpgradeCheck = 0510;
				ORGANIZATIONNAME = "Coodly LLC";
				TargetAttributes = {
					EA011A1C193610B100232E92 = {
						TestTargetID = EA011A01193610B100232E92;
					};
				};
			};
			buildConfigurationList = EA0119FD193610B100232E92 /* Build configuration list for PBXProject "CDYImagesRetrieve" */;
			compatibilityVersion = "Xcode 3.2";
			developmentRegion = English;
			hasScannedForEncodings = 0;
			knownRegions = (
				en,
			);
			mainGroup = EA0119F9193610B100232E92;
			productRefGroup = EA011A03193610B100232E92 /* Products */;
			projectDirPath = "";
			projectRoot = "";
			targets = (
				EA011A01193610B100232E92 /* CDYImagesRetrieve */,
				EA011A1C193610B100232E92 /* CDYImagesRetrieveTests */,
			);
		};
/* End PBXProject section */

/* Begin PBXResourcesBuildPhase section */
		EA011A00193610B100232E92 /* Resources */ = {
			isa = PBXResourcesBuildPhase;
			buildActionMask = 2147483647;
			files = (
				EA011A10193610B100232E92 /* InfoPlist.strings in Resources */,
				EA011A18193610B100232E92 /* Images.xcassets in Resources */,
			);
			runOnlyForDeploymentPostprocessing = 0;
		};
		EA011A1B193610B100232E92 /* Resources */ = {
			isa = PBXResourcesBuildPhase;
			buildActionMask = 2147483647;
			files = (
				EA011A29193610B100232E92 /* InfoPlist.strings in Resources */,
			);
			runOnlyForDeploymentPostprocessing = 0;
		};
/* End PBXResourcesBuildPhase section */

/* Begin PBXSourcesBuildPhase section */
		EA0119FE193610B100232E92 /* Sources */ = {
			isa = PBXSourcesBuildPhase;
			buildActionMask = 2147483647;
			files = (
				EA011A16193610B100232E92 /* AppDelegate.m in Sources */,
				EA011A37193612F700232E92 /* CDYImagesRetrieve.m in Sources */,
				EA011A3A1936130900232E92 /* CDYImageAsk.m in Sources */,
				EA011A12193610B100232E92 /* main.m in Sources */,
			);
			runOnlyForDeploymentPostprocessing = 0;
		};
		EA011A19193610B100232E92 /* Sources */ = {
			isa = PBXSourcesBuildPhase;
			buildActionMask = 2147483647;
			files = (
				EA011A2B193610B100232E92 /* CDYImagesRetrieveTests.m in Sources */,
			);
			runOnlyForDeploymentPostprocessing = 0;
		};
/* End PBXSourcesBuildPhase section */

/* Begin PBXTargetDependency section */
		EA011A23193610B100232E92 /* PBXTargetDependency */ = {
			isa = PBXTargetDependency;
			target = EA011A01193610B100232E92 /* CDYImagesRetrieve */;
			targetProxy = EA011A22193610B100232E92 /* PBXContainerItemProxy */;
		};
/* End PBXTargetDependency section */

/* Begin PBXVariantGroup section */
		EA011A0E193610B100232E92 /* InfoPlist.strings */ = {
			isa = PBXVariantGroup;
			children = (
				EA011A0F193610B100232E92 /* en */,
			);
			name = InfoPlist.strings;
			sourceTree = "<group>";
		};
		EA011A27193610B100232E92 /* InfoPlist.strings */ = {
			isa = PBXVariantGroup;
			children = (
				EA011A28193610B100232E92 /* en */,
			);
			name = InfoPlist.strings;
			sourceTree = "<group>";
		};
/* End PBXVariantGroup section */

/* Begin XCBuildConfiguration section */
		EA011A2C193610B100232E92 /* Debug */ = {
			isa = XCBuildConfiguration;
			buildSettings = {
				ALWAYS_SEARCH_USER_PATHS = NO;
				CLANG_CXX_LANGUAGE_STANDARD = "gnu++0x";
				CLANG_CXX_LIBRARY = "libc++";
				CLANG_ENABLE_MODULES = YES;
				CLANG_ENABLE_OBJC_ARC = YES;
				CLANG_WARN_BOOL_CONVERSION = YES;
				CLANG_WARN_CONSTANT_CONVERSION = YES;
				CLANG_WARN_DIRECT_OBJC_ISA_USAGE = YES_ERROR;
				CLANG_WARN_EMPTY_BODY = YES;
				CLANG_WARN_ENUM_CONVERSION = YES;
				CLANG_WARN_INT_CONVERSION = YES;
				CLANG_WARN_OBJC_ROOT_CLASS = YES_ERROR;
				CLANG_WARN__DUPLICATE_METHOD_MATCH = YES;
				"CODE_SIGN_IDENTITY[sdk=iphoneos*]" = "iPhone Developer";
				COPY_PHASE_STRIP = NO;
				GCC_C_LANGUAGE_STANDARD = gnu99;
				GCC_DYNAMIC_NO_PIC = NO;
				GCC_OPTIMIZATION_LEVEL = 0;
				GCC_PREPROCESSOR_DEFINITIONS = (
					"DEBUG=1",
					"$(inherited)",
				);
				GCC_SYMBOLS_PRIVATE_EXTERN = NO;
				GCC_WARN_64_TO_32_BIT_CONVERSION = YES;
				GCC_WARN_ABOUT_RETURN_TYPE = YES_ERROR;
				GCC_WARN_UNDECLARED_SELECTOR = YES;
				GCC_WARN_UNINITIALIZED_AUTOS = YES_AGGRESSIVE;
				GCC_WARN_UNUSED_FUNCTION = YES;
				GCC_WARN_UNUSED_VARIABLE = YES;
				IPHONEOS_DEPLOYMENT_TARGET = 7.1;
				ONLY_ACTIVE_ARCH = YES;
				SDKROOT = iphoneos;
				TARGETED_DEVICE_FAMILY = "1,2";
			};
			name = Debug;
		};
		EA011A2D193610B100232E92 /* Release */ = {
			isa = XCBuildConfiguration;
			buildSettings = {
				ALWAYS_SEARCH_USER_PATHS = NO;
				CLANG_CXX_LANGUAGE_STANDARD = "gnu++0x";
				CLANG_CXX_LIBRARY = "libc++";
				CLANG_ENABLE_MODULES = YES;
				CLANG_ENABLE_OBJC_ARC = YES;
				CLANG_WARN_BOOL_CONVERSION = YES;
				CLANG_WARN_CONSTANT_CONVERSION = YES;
				CLANG_WARN_DIRECT_OBJC_ISA_USAGE = YES_ERROR;
				CLANG_WARN_EMPTY_BODY = YES;
				CLANG_WARN_ENUM_CONVERSION = YES;
				CLANG_WARN_INT_CONVERSION = YES;
				CLANG_WARN_OBJC_ROOT_CLASS = YES_ERROR;
				CLANG_WARN__DUPLICATE_METHOD_MATCH = YES;
				"CODE_SIGN_IDENTITY[sdk=iphoneos*]" = "iPhone Developer";
				COPY_PHASE_STRIP = YES;
				ENABLE_NS_ASSERTIONS = NO;
				GCC_C_LANGUAGE_STANDARD = gnu99;
				GCC_WARN_64_TO_32_BIT_CONVERSION = YES;
				GCC_WARN_ABOUT_RETURN_TYPE = YES_ERROR;
				GCC_WARN_UNDECLARED_SELECTOR = YES;
				GCC_WARN_UNINITIALIZED_AUTOS = YES_AGGRESSIVE;
				GCC_WARN_UNUSED_FUNCTION = YES;
				GCC_WARN_UNUSED_VARIABLE = YES;
				IPHONEOS_DEPLOYMENT_TARGET = 7.1;
				SDKROOT = iphoneos;
				TARGETED_DEVICE_FAMILY = "1,2";
				VALIDATE_PRODUCT = YES;
			};
			name = Release;
		};
		EA011A2F193610B100232E92 /* Debug */ = {
			isa = XCBuildConfiguration;
			buildSettings = {
				ASSETCATALOG_COMPILER_APPICON_NAME = AppIcon;
				ASSETCATALOG_COMPILER_LAUNCHIMAGE_NAME = LaunchImage;
				GCC_PRECOMPILE_PREFIX_HEADER = YES;
				GCC_PREFIX_HEADER = "CDYImagesRetrieve/CDYImagesRetrieve-Prefix.pch";
				INFOPLIST_FILE = "CDYImagesRetrieve/CDYImagesRetrieve-Info.plist";
				PRODUCT_NAME = "$(TARGET_NAME)";
				WRAPPER_EXTENSION = app;
			};
			name = Debug;
		};
		EA011A30193610B100232E92 /* Release */ = {
			isa = XCBuildConfiguration;
			buildSettings = {
				ASSETCATALOG_COMPILER_APPICON_NAME = AppIcon;
				ASSETCATALOG_COMPILER_LAUNCHIMAGE_NAME = LaunchImage;
				GCC_PRECOMPILE_PREFIX_HEADER = YES;
				GCC_PREFIX_HEADER = "CDYImagesRetrieve/CDYImagesRetrieve-Prefix.pch";
				INFOPLIST_FILE = "CDYImagesRetrieve/CDYImagesRetrieve-Info.plist";
				PRODUCT_NAME = "$(TARGET_NAME)";
				WRAPPER_EXTENSION = app;
			};
			name = Release;
		};
		EA011A32193610B100232E92 /* Debug */ = {
			isa = XCBuildConfiguration;
			buildSettings = {
				BUNDLE_LOADER = "$(BUILT_PRODUCTS_DIR)/CDYImagesRetrieve.app/CDYImagesRetrieve";
				FRAMEWORK_SEARCH_PATHS = (
					"$(SDKROOT)/Developer/Library/Frameworks",
					"$(inherited)",
					"$(DEVELOPER_FRAMEWORKS_DIR)",
				);
				GCC_PRECOMPILE_PREFIX_HEADER = YES;
				GCC_PREFIX_HEADER = "CDYImagesRetrieve/CDYImagesRetrieve-Prefix.pch";
				GCC_PREPROCESSOR_DEFINITIONS = (
					"DEBUG=1",
					"$(inherited)",
				);
				INFOPLIST_FILE = "CDYImagesRetrieveTests/CDYImagesRetrieveTests-Info.plist";
				PRODUCT_NAME = "$(TARGET_NAME)";
				TEST_HOST = "$(BUNDLE_LOADER)";
				WRAPPER_EXTENSION = xctest;
			};
			name = Debug;
		};
		EA011A33193610B100232E92 /* Release */ = {
			isa = XCBuildConfiguration;
			buildSettings = {
				BUNDLE_LOADER = "$(BUILT_PRODUCTS_DIR)/CDYImagesRetrieve.app/CDYImagesRetrieve";
				FRAMEWORK_SEARCH_PATHS = (
					"$(SDKROOT)/Developer/Library/Frameworks",
					"$(inherited)",
					"$(DEVELOPER_FRAMEWORKS_DIR)",
				);
				GCC_PRECOMPILE_PREFIX_HEADER = YES;
				GCC_PREFIX_HEADER = "CDYImagesRetrieve/CDYImagesRetrieve-Prefix.pch";
				INFOPLIST_FILE = "CDYImagesRetrieveTests/CDYImagesRetrieveTests-Info.plist";
				PRODUCT_NAME = "$(TARGET_NAME)";
				TEST_HOST = "$(BUNDLE_LOADER)";
				WRAPPER_EXTENSION = xctest;
			};
			name = Release;
		};
/* End XCBuildConfiguration section */

/* Begin XCConfigurationList section */
		EA0119FD193610B100232E92 /* Build configuration list for PBXProject "CDYImagesRetrieve" */ = {
			isa = XCConfigurationList;
			buildConfigurations = (
				EA011A2C193610B100232E92 /* Debug */,
				EA011A2D193610B100232E92 /* Release */,
			);
			defaultConfigurationIsVisible = 0;
			defaultConfigurationName = Release;
		};
		EA011A2E193610B100232E92 /* Build configuration list for PBXNativeTarget "CDYImagesRetrieve" */ = {
			isa = XCConfigurationList;
			buildConfigurations = (
				EA011A2F193610B100232E92 /* Debug */,
				EA011A30193610B100232E92 /* Release */,
			);
			defaultConfigurationIsVisible = 0;
		};
		EA011A31193610B100232E92 /* Build configuration list for PBXNativeTarget "CDYImagesRetrieveTests" */ = {
			isa = XCConfigurationList;
			buildConfigurations = (
				EA011A32193610B100232E92 /* Debug */,
				EA011A33193610B100232E92 /* Release */,
			);
			defaultConfigurationIsVisible = 0;
		};
/* End XCConfigurationList section */
	};
	rootObject = EA0119FA193610B100232E92 /* Project object */;
}
